# This lock file was generated by conda-lock (https://github.com/conda-incubator/conda-lock). DO NOT EDIT!
#
# A "lock file" contains a concrete list of package versions (with checksums) to be installed. Unlike
# e.g. `conda env create`, the resulting environment will not change as new package versions become
# available, unless you explicitly update the lock file.
#
# Install this environment as "YOURENV" with:
#     conda-lock install -n YOURENV --file conda-lock.yml
# To update a single package to the latest version compatible with the version constraints in the source:
#     conda-lock lock  --lockfile conda-lock.yml --update PACKAGE
# To re-solve the entire environment, e.g. after changing a version constraint in the source file:
#     conda-lock -f test/micromamba/test-specfile-option-non-root/specfile.yml --lockfile test/micromamba/test-lockfile/conda-lock.yml
metadata:
  channels:
  - url: defaults
    used_env_vars: []
  content_hash:
    linux-64: d08521f1b8d580b044a47a7e80396d7cef789c12ab54c1859ed43e87b3107950
    linux-aarch64: a0a63b66c927fe3d130ee64397b57ebab86918a1befcd95392106e49c5613968
  platforms:
  - linux-64
  - linux-aarch64
  sources:
  - /home/mares/repos/mamba-devcontainer-features/test/micromamba/test-specfile-option-non-root/specfile.yml
package:
- category: main
  dependencies: {}
  hash:
    md5: c3473ff8bdb3d124ed5ff11ec380d6f9
    sha256: 476626712f60e5ef0fe04c354727152b1ee5285d57ccd3575c7be930122bd051
  manager: conda
  name: _libgcc_mutex
  optional: false
  platform: linux-64
  url: https://repo.anaconda.com/pkgs/main/linux-64/_libgcc_mutex-0.1-main.conda
  version: '0.1'
- category: main
  dependencies: {}
  hash:
    md5: 7704989a2ccf6c1f5a50c985509841c4
    sha256: 55b0c8de2a7a4a0d82b8f4a27d0ef60ba4bed5bf7c907090442f1b42279149e9
  manager: conda
  name: ca-certificates
  optional: false
  platform: linux-64
  url: https://repo.anaconda.com/pkgs/main/linux-64/ca-certificates-2023.01.10-h06a4308_0.conda
  version: 2023.01.10
- category: main
  dependencies:
    _libgcc_mutex: 0.1 main
  hash:
    md5: b372c0eea9b60732fdae4b817a63c8cd
    sha256: a1c6e599df45e116af81c36ec4c9efb1793fa3a0b854dd90dd6c8813cd476e90
  manager: conda
  name: libgomp
  optional: false
  platform: linux-64
  url: https://repo.anaconda.com/pkgs/main/linux-64/libgomp-11.2.0-h1234567_1.conda
  version: 11.2.0
- category: main
  dependencies:
    _libgcc_mutex: 0.1 main
    libgomp: '>=7.5.0'
  hash:
    md5: 71d281e9c2192cb3fa425655a8defb85
    sha256: 576011048d23f2e03372263493c5529f802286ff53e8426df99a5b11cc2572f3
  manager: conda
  name: _openmp_mutex
  optional: false
  platform: linux-64
  url: https://repo.anaconda.com/pkgs/main/linux-64/_openmp_mutex-5.1-1_gnu.conda
  version: '5.1'
- category: main
  dependencies:
    __glibc: '>=2.17'
    _libgcc_mutex: '* main'
    _openmp_mutex: ''
  hash:
    md5: a87728dabf3151fb9cfa990bd2eb0464
    sha256: cdcce11f1c6ca57ba686ab92f3a5c122efe1e0630e00c6ad275624ce79008aa7
  manager: conda
  name: libgcc-ng
  optional: false
  platform: linux-64
  url: https://repo.anaconda.com/pkgs/main/linux-64/libgcc-ng-11.2.0-h1234567_1.conda
  version: 11.2.0
- category: main
  dependencies:
    libgcc-ng: '>=7.3.0'
  hash:
    md5: 5b6ed6cd1b1ca3a383daef1d6464d02a
    sha256: e513b61d4b848d68a26ce89b00c90cd2958403026a6dea396af870f317199def
  manager: conda
  name: libunistring
  optional: false
  platform: linux-64
  url: https://repo.anaconda.com/pkgs/main/linux-64/libunistring-0.9.10-h27cfd23_0.conda
  version: 0.9.10
- category: main
  dependencies:
    ca-certificates: ''
    libgcc-ng: '>=7.5.0'
  hash:
    md5: 0410db682c02665511bd4203ade48a32
    sha256: 4ce120ae62323a43f8c80431ae2824f24b0919eae03b132fd93e5b143a2ad83a
  manager: conda
  name: openssl
  optional: false
  platform: linux-64
  url: https://repo.anaconda.com/pkgs/main/linux-64/openssl-1.1.1t-h7f8727e_0.conda
  version: 1.1.1t
- category: main
  dependencies:
    libgcc-ng: '>=11.2.0'
  hash:
    md5: 224260858072f0071140ae18c513620d
    sha256: 4d1c4edfba1b5d1ec97a59fe8fadc7cf5326ecdb7411937939330f0bfae4f4e7
  manager: conda
  name: xz
  optional: false
  platform: linux-64
  url: https://repo.anaconda.com/pkgs/main/linux-64/xz-5.2.8-h5eee18b_0.conda
  version: 5.2.8
- category: main
  dependencies:
    libgcc-ng: '>=11.2.0'
  hash:
    md5: 333e31fbfbb5057c92fa845ad6adef93
    sha256: 4b69b6752e384459b1fc47dfc078598d5b687b3ccffe21591676b640481fb794
  manager: conda
  name: zlib
  optional: false
  platform: linux-64
  url: https://repo.anaconda.com/pkgs/main/linux-64/zlib-1.2.13-h5eee18b_0.conda
  version: 1.2.13
- category: main
  dependencies:
    libgcc-ng: '>=7.5.0'
    libunistring: '>=0,<1.0a0'
  hash:
    md5: 3ce9977fc2669601f79a2eb360b95fe6
    sha256: b01a53fbdc5881474ff796f9fc0e70bdff3dccf36dd4bf24b8c16054c61cc978
  manager: conda
  name: libidn2
  optional: false
  platform: linux-64
  url: https://repo.anaconda.com/pkgs/main/linux-64/libidn2-2.3.2-h7f8727e_0.conda
  version: 2.3.2
- category: main
  dependencies:
    libgcc-ng: '>=7.5.0'
    libidn2: '>=2,<3.0a0'
    openssl: '>=1.1.1n,<1.1.2a'
    zlib: '>=1.2.12,<1.3.0a0'
  hash:
    md5: c673037654894abbfde02903e01a8a8e
    sha256: 76c57012c76412ddaab7821c4432c4db586503d62b21fab5e9e56111bb280ef0
  manager: conda
  name: wget
  optional: false
  platform: linux-64
  url: https://repo.anaconda.com/pkgs/main/linux-64/wget-1.21.3-h0b77cf5_0.conda
  version: 1.21.3
- category: main
  dependencies: {}
  hash:
    md5: b272288d02db5520249ca7870c2287b4
    sha256: 41e43dedb2e5805d15b60d0e337f625c6308b49ec94e1c7a2b34a62257ab850f
  manager: conda
  name: _libgcc_mutex
  optional: false
  platform: linux-aarch64
  url: https://repo.anaconda.com/pkgs/main/linux-aarch64/_libgcc_mutex-0.1-main.conda
  version: '0.1'
- category: main
  dependencies: {}
  hash:
    md5: ba49c626d075fe1ac84f786a5d427392
    sha256: 796c8e44e9ebc1ce2e56ea9ccdc7a9c3b796bb7922d0ff299931388ccb114e41
  manager: conda
  name: ca-certificates
  optional: false
  platform: linux-aarch64
  url: https://repo.anaconda.com/pkgs/main/linux-aarch64/ca-certificates-2023.01.10-hd43f75c_0.conda
  version: 2023.01.10
- category: main
  dependencies:
    _libgcc_mutex: 0.1 main
  hash:
    md5: e3d856b632d874d38bfad1083d547271
    sha256: f4e31d184af147504354f12f18f6d22f2d3483a6eed6f9e46833c98f52870ed9
  manager: conda
  name: libgomp
  optional: false
  platform: linux-aarch64
  url: https://repo.anaconda.com/pkgs/main/linux-aarch64/libgomp-11.2.0-h1234567_1.conda
  version: 11.2.0
- category: main
  dependencies:
    _libgcc_mutex: 0.1 main
    libgomp: '>=7.5.0'
  hash:
    md5: 66329dd81c60123e0d7c4c39b7ee7afe
    sha256: 70892a5efb5803b565ba889b5479b6e866a0fabce3a7d2f648e494a9e7bff49b
  manager: conda
  name: _openmp_mutex
  optional: false
  platform: linux-aarch64
  url: https://repo.anaconda.com/pkgs/main/linux-aarch64/_openmp_mutex-5.1-51_gnu.conda
  version: '5.1'
- category: main
  dependencies:
    _libgcc_mutex: '* main'
    _openmp_mutex: ''
  hash:
    md5: 067214d7ddc39f6922b9e29be83fe8f9
    sha256: 7993425b8983b291c8202af70a76d8cba947a2699930ec4c098e579775e1aa24
  manager: conda
  name: libgcc-ng
  optional: false
  platform: linux-aarch64
  url: https://repo.anaconda.com/pkgs/main/linux-aarch64/libgcc-ng-11.2.0-h1234567_1.conda
  version: 11.2.0
- category: main
  dependencies:
    libgcc-ng: '>=10.2.0'
  hash:
    md5: c1cdf01e43dbcbac513941d21663ccf1
    sha256: 6291ad10c693fd6142c1b8df4af338f65e86e4ce9d22e59b2831f0bc06db8b51
  manager: conda
  name: libunistring
  optional: false
  platform: linux-aarch64
  url: https://repo.anaconda.com/pkgs/main/linux-aarch64/libunistring-0.9.10-h2f4d8fa_0.conda
  version: 0.9.10
- category: main
  dependencies:
    ca-certificates: ''
    libgcc-ng: '>=10.2.0'
  hash:
    md5: 7f3284d7df56f2092513add84ae8cec1
    sha256: 5bbcd4464edf09a2a29e2ba78b230146758954b71b684574c8704288aacca082
  manager: conda
  name: openssl
  optional: false
  platform: linux-aarch64
  url: https://repo.anaconda.com/pkgs/main/linux-aarch64/openssl-1.1.1t-h2f4d8fa_0.conda
  version: 1.1.1t
- category: main
  dependencies:
    libgcc-ng: '>=11.2.0'
  hash:
    md5: f6f2ca99a493ac05c213cf8ece592646
    sha256: 32907b7dd88cffd2c2d367c8b2ddcc63acb8b264863cebf6664b1d6d12aa04cf
  manager: conda
  name: xz
  optional: false
  platform: linux-aarch64
  url: https://repo.anaconda.com/pkgs/main/linux-aarch64/xz-5.2.8-h998d150_0.conda
  version: 5.2.8
- category: main
  dependencies:
    libgcc-ng: '>=11.2.0'
  hash:
    md5: d42593f17bf562b77a8bc698faa2d910
    sha256: 130fb78ad75e26537468486091b6466684bf44fd9b06642e018ebe2d25747905
  manager: conda
  name: zlib
  optional: false
  platform: linux-aarch64
  url: https://repo.anaconda.com/pkgs/main/linux-aarch64/zlib-1.2.13-h998d150_0.conda
  version: 1.2.13
- category: main
  dependencies:
    libgcc-ng: '>=10.2.0'
    libunistring: '>=0,<1.0a0'
  hash:
    md5: e10592da7eb7f8c48d9c7f9fdccd858b
    sha256: b2b2f945f10a4b16496903d4990c0267df20e203ff57b09e36d32f2b092fdb9b
  manager: conda
  name: libidn2
  optional: false
  platform: linux-aarch64
  url: https://repo.anaconda.com/pkgs/main/linux-aarch64/libidn2-2.3.1-h2f4d8fa_0.conda
  version: 2.3.1
- category: main
  dependencies:
    libgcc-ng: '>=10.2.0'
    libidn2: '>=2,<3.0a0'
    openssl: '>=1.1.1n,<1.1.2a'
    zlib: '>=1.2.12,<1.3.0a0'
  hash:
    md5: 2b5994fe91b4f529f4167d4ddcbd5cdb
    sha256: afc960590baea067a1cbc6c9b08d627ca631bcf2d85a57ac0644292769e54aae
  manager: conda
  name: wget
  optional: false
  platform: linux-aarch64
  url: https://repo.anaconda.com/pkgs/main/linux-aarch64/wget-1.21.3-h13c8431_0.conda
  version: 1.21.3
version: 1
